<?xml version="1.0" encoding="utf-8"?>
<Project ToolsVersion="4.0" xmlns="http://schemas.microsoft.com/developer/msbuild/2003">
  <ItemGroup>
    <Filter Include="Source Files">
      <UniqueIdentifier>{4FC737F1-C7A5-4376-A066-2A32D752A2FF}</UniqueIdentifier>
      <Extensions>cpp;c;cc;cxx;def;odl;idl;hpj;bat;asm;asmx</Extensions>
    </Filter>
    <Filter Include="Header Files">
      <UniqueIdentifier>{93995380-89BD-4b04-88EB-625FBE52EBFB}</UniqueIdentifier>
      <Extensions>h;hh;hpp;hxx;hm;inl;inc;xsd</Extensions>
    </Filter>
    <Filter Include="Resource Files">
      <UniqueIdentifier>{67DA6AB6-F800-4c08-8B7A-83BB121AAD01}</UniqueIdentifier>
      <Extensions>rc;ico;cur;bmp;dlg;rc2;rct;bin;rgs;gif;jpg;jpeg;jpe;resx;tiff;tif;png;wav;mfcribbon-ms</Extensions>
    </Filter>
    <Filter Include="Source Files\AMD64">
      <UniqueIdentifier>{6cc352ef-8d01-46ce-8869-0b5e9c731c9d}</UniqueIdentifier>
    </Filter>
    <Filter Include="Source Files\I386">
      <UniqueIdentifier>{ef34afe2-89bf-4075-b93c-6850345cfe9a}</UniqueIdentifier>
    </Filter>
  </ItemGroup>
  <ItemGroup>
    <ClCompile Include="Shark.c">
      <Filter>Source Files</Filter>
    </ClCompile>
    <ClCompile Include="PatchGuard.c">
      <Filter>Source Files</Filter>
    </ClCompile>
    <ClCompile Include="AMD64\PatchGuardAMD64.c">
      <Filter>Source Files\AMD64</Filter>
    </ClCompile>
    <ClCompile Include="I386\PatchGuardI386.c">
      <Filter>Source Files\I386</Filter>
    </ClCompile>
    <ClCompile Include="Ctx.c">
      <Filter>Source Files</Filter>
    </ClCompile>
    <ClCompile Include="Jump.c">
      <Filter>Source Files</Filter>
    </ClCompile>
    <ClCompile Include="Scan.c">
      <Filter>Source Files</Filter>
    </ClCompile>
    <ClCompile Include="Lock.c">
      <Filter>Source Files</Filter>
    </ClCompile>
    <ClCompile Include="Stack.c">
      <Filter>Source Files</Filter>
    </ClCompile>
    <ClCompile Include="I386\StackI386.c">
      <Filter>Source Files\I386</Filter>
    </ClCompile>
    <ClCompile Include="AMD64\StackAMD64.c">
      <Filter>Source Files\AMD64</Filter>
    </ClCompile>
    <ClCompile Include="Except.c">
      <Filter>Source Files</Filter>
    </ClCompile>
    <ClCompile Include="Reload.c">
      <Filter>Source Files</Filter>
    </ClCompile>
  </ItemGroup>
  <ItemGroup>
    <None Include="Shark.def">
      <Filter>Source Files</Filter>
    </None>
    <None Include="Makefile" />
  </ItemGroup>
  <ItemGroup>
    <ResourceCompile Include="Shark.rc">
      <Filter>Resource Files</Filter>
    </ResourceCompile>
  </ItemGroup>
  <ItemGroup>
    <MASM Include="AMD64\AMD64.asm">
      <Filter>Source Files\AMD64</Filter>
    </MASM>
    <MASM Include="I386\I386.asm">
      <Filter>Source Files\I386</Filter>
    </MASM>
    <MASM Include="AMD64\CmpAMD64.asm">
      <Filter>Source Files\AMD64</Filter>
    </MASM>
    <MASM Include="I386\CmpI386.asm">
      <Filter>Source Files\I386</Filter>
    </MASM>
    <MASM Include="AMD64\PatchGuardInlineAMD64.asm">
      <Filter>Source Files\AMD64</Filter>
    </MASM>
    <MASM Include="I386\PatchGuardInlineI386.c">
      <Filter>Source Files\I386</Filter>
    </MASM>
  </ItemGroup>
  <ItemGroup>
    <ClInclude Include="Shark.h">
      <Filter>Header Files</Filter>
    </ClInclude>
    <ClInclude Include="PatchGuard.h">
      <Filter>Header Files</Filter>
    </ClInclude>
    <ClInclude Include="Ctx.h">
      <Filter>Header Files</Filter>
    </ClInclude>
    <ClInclude Include="Jump.h">
      <Filter>Header Files</Filter>
    </ClInclude>
    <ClInclude Include="Scan.h">
      <Filter>Header Files</Filter>
    </ClInclude>
    <ClInclude Include="Lock.h">
      <Filter>Header Files</Filter>
    </ClInclude>
    <ClInclude Include="Stack.h">
      <Filter>Header Files</Filter>
    </ClInclude>
    <ClInclude Include="Except.h">
      <Filter>Header Files</Filter>
    </ClInclude>
    <ClInclude Include="Reload.h">
      <Filter>Header Files</Filter>
    </ClInclude>
  </ItemGroup>
</Project>