
Microsoft Visual Studio Solution File, Format Version 12.00
# Visual Studio 14
VisualStudioVersion = 14.0.25420.1
MinimumVisualStudioVersion = 10.0.40219.1
Project("{8BC9CEB8-8B4A-11D0-8D11-00A0C91BC942}") = "Shark", "Projects\Shark\Shark.vcxproj", "{389A3E87-9607-4515-9937-F2C5BAA1E268}"
EndProject
Project("{2150E333-8FDC-42A3-9474-1A3956D46DE8}") = "Include", "Include", "{2655FCA3-FA7E-4E4A-86CE-A8FCE1787952}"
	ProjectSection(SolutionItems) = preProject
		Include\defs.h = Include\defs.h
		Include\devicedefs.h = Include\devicedefs.h
		Include\dump.h = Include\dump.h
		Include\log.c = Include\log.c
		Include\log.h = Include\log.h
		Include\unicode.inc = Include\unicode.inc
		Include\WARNING.h = Include\WARNING.h
		Include\wow64.h = Include\wow64.h
	EndProjectSection
EndProject
Project("{8BC9CEB8-8B4A-11D0-8D11-00A0C91BC942}") = "Sea", "Projects\Sea\Sea.vcxproj", "{CFDA5888-9D8D-4EFF-90E6-DA739486E10F}"
EndProject
Global
	GlobalSection(SolutionConfigurationPlatforms) = preSolution
		Optimized|x64 = Optimized|x64
		Optimized|x86 = Optimized|x86
	EndGlobalSection
	GlobalSection(ProjectConfigurationPlatforms) = postSolution
		{389A3E87-9607-4515-9937-F2C5BAA1E268}.Optimized|x64.ActiveCfg = Optimized|x64
		{389A3E87-9607-4515-9937-F2C5BAA1E268}.Optimized|x64.Build.0 = Optimized|x64
		{389A3E87-9607-4515-9937-F2C5BAA1E268}.Optimized|x86.ActiveCfg = Optimized|Win32
		{389A3E87-9607-4515-9937-F2C5BAA1E268}.Optimized|x86.Build.0 = Optimized|Win32
		{CFDA5888-9D8D-4EFF-90E6-DA739486E10F}.Optimized|x64.ActiveCfg = Optimized|x64
		{CFDA5888-9D8D-4EFF-90E6-DA739486E10F}.Optimized|x64.Build.0 = Optimized|x64
		{CFDA5888-9D8D-4EFF-90E6-DA739486E10F}.Optimized|x86.ActiveCfg = Optimized|Win32
		{CFDA5888-9D8D-4EFF-90E6-DA739486E10F}.Optimized|x86.Build.0 = Optimized|Win32
	EndGlobalSection
	GlobalSection(SolutionProperties) = preSolution
		HideSolutionNode = FALSE
	EndGlobalSection
EndGlobal
